
Microsoft Visual Studio Solution File, Format Version 12.00
# Visual Studio Version 17
VisualStudioVersion = 17.6.33801.468
MinimumVisualStudioVersion = 10.0.40219.1
Project("{FAE04EC0-301F-11D3-BF4B-00C04F79EFBC}") = "auth-jwt", "auth-jwt\auth-jwt.csproj", "{D1B37ADB-AA46-452B-8B2B-95047C182463}"
EndProject
Global
	GlobalSection(SolutionConfigurationPlatforms) = preSolution
		Debug|Any CPU = Debug|Any CPU
		Release|Any CPU = Release|Any CPU
	EndGlobalSection
	GlobalSection(ProjectConfigurationPlatforms) = postSolution
		{D1B37ADB-AA46-452B-8B2B-95047C182463}.Debug|Any CPU.ActiveCfg = Debug|Any CPU
		{D1B37ADB-AA46-452B-8B2B-95047C182463}.Debug|Any CPU.Build.0 = Debug|Any CPU
		{D1B37ADB-AA46-452B-8B2B-95047C182463}.Release|Any CPU.ActiveCfg = Release|Any CPU
		{D1B37ADB-AA46-452B-8B2B-95047C182463}.Release|Any CPU.Build.0 = Release|Any CPU
	EndGlobalSection
	GlobalSection(SolutionProperties) = preSolution
		HideSolutionNode = FALSE
	EndGlobalSection
	GlobalSection(ExtensibilityGlobals) = postSolution
		SolutionGuid = {39BEEEDB-4A3B-486D-BBF5-441E941F9E91}
	EndGlobalSection
EndGlobal
